
Microsoft Visual Studio Solution File, Format Version 12.00
# Visual Studio 2013
VisualStudioVersion = 12.0.0.0
MinimumVisualStudioVersion = 10.0.0.1
Project("{FAE04EC0-301F-11D3-BF4B-00C04F79EFBC}") = "PhotoImport", "PhotoImport\PhotoImport.csproj", "{35D82C94-E818-40F8-8B19-1041CAFA5347}"
EndProject
Project("{FAE04EC0-301F-11D3-BF4B-00C04F79EFBC}") = "PhotoImport.Tests", "PhotoImport.Tests\PhotoImport.Tests.csproj", "{1D0EF470-BD22-455D-B2B0-ACE552940D25}"
EndProject
Global
	GlobalSection(SolutionConfigurationPlatforms) = preSolution
		Debug|Any CPU = Debug|Any CPU
		Release|Any CPU = Release|Any CPU
	EndGlobalSection
	GlobalSection(ProjectConfigurationPlatforms) = postSolution
		{35D82C94-E818-40F8-8B19-1041CAFA5347}.Debug|Any CPU.ActiveCfg = Debug|Any CPU
		{35D82C94-E818-40F8-8B19-1041CAFA5347}.Debug|Any CPU.Build.0 = Debug|Any CPU
		{35D82C94-E818-40F8-8B19-1041CAFA5347}.Release|Any CPU.ActiveCfg = Release|Any CPU
		{35D82C94-E818-40F8-8B19-1041CAFA5347}.Release|Any CPU.Build.0 = Release|Any CPU
		{1D0EF470-BD22-455D-B2B0-ACE552940D25}.Debug|Any CPU.ActiveCfg = Debug|Any CPU
		{1D0EF470-BD22-455D-B2B0-ACE552940D25}.Debug|Any CPU.Build.0 = Debug|Any CPU
		{1D0EF470-BD22-455D-B2B0-ACE552940D25}.Release|Any CPU.ActiveCfg = Release|Any CPU
		{1D0EF470-BD22-455D-B2B0-ACE552940D25}.Release|Any CPU.Build.0 = Release|Any CPU
	EndGlobalSection
	GlobalSection(SolutionProperties) = preSolution
		HideSolutionNode = FALSE
	EndGlobalSection
EndGlobal
